
Microsoft Visual Studio Solution File, Format Version 12.00
# Visual Studio Version 16
VisualStudioVersion = 16.0.31112.23
MinimumVisualStudioVersion = 10.0.40219.1
Project("{FAE04EC0-301F-11D3-BF4B-00C04F79EFBC}") = "Console_calculator", "Console_calculator.csproj", "{64621440-3F26-486B-AD36-6F51D6BFDE98}"
EndProject
Global
	GlobalSection(SolutionConfigurationPlatforms) = preSolution
		Debug|Any CPU = Debug|Any CPU
		Release|Any CPU = Release|Any CPU
	EndGlobalSection
	GlobalSection(ProjectConfigurationPlatforms) = postSolution
		{64621440-3F26-486B-AD36-6F51D6BFDE98}.Debug|Any CPU.ActiveCfg = Debug|Any CPU
		{64621440-3F26-486B-AD36-6F51D6BFDE98}.Debug|Any CPU.Build.0 = Debug|Any CPU
		{64621440-3F26-486B-AD36-6F51D6BFDE98}.Release|Any CPU.ActiveCfg = Release|Any CPU
		{64621440-3F26-486B-AD36-6F51D6BFDE98}.Release|Any CPU.Build.0 = Release|Any CPU
	EndGlobalSection
	GlobalSection(SolutionProperties) = preSolution
		HideSolutionNode = FALSE
	EndGlobalSection
	GlobalSection(ExtensibilityGlobals) = postSolution
		SolutionGuid = {C10C5D85-5794-471D-B8B1-890BB21CB536}
	EndGlobalSection
EndGlobal
